
Microsoft Visual Studio Solution File, Format Version 12.00
# Visual Studio Version 17
VisualStudioVersion = 17.9.34728.123
MinimumVisualStudioVersion = 10.0.40219.1
Project("{9A19103F-16F7-4668-BE54-9A1E7A4F7556}") = "WeatherApi", "WeatherApi\WeatherApi.csproj", "{79963135-AA52-495A-96F3-7963E5277642}"
EndProject
Project("{9A19103F-16F7-4668-BE54-9A1E7A4F7556}") = "Data", "Data\Data.csproj", "{C4D0082B-2D73-444A-922D-32687706A0C7}"
EndProject
Project("{9A19103F-16F7-4668-BE54-9A1E7A4F7556}") = "Service", "Service\Service.csproj", "{8C7A4349-2A2B-4D65-BCD7-E6403B247D48}"
EndProject
Project("{9A19103F-16F7-4668-BE54-9A1E7A4F7556}") = "DataUnitTests", "UnitTests\DataUnitTests.csproj", "{37B161C9-50A1-4719-858B-78D72B0095B4}"
EndProject
Global
	GlobalSection(SolutionConfigurationPlatforms) = preSolution
		Debug|Any CPU = Debug|Any CPU
		Release|Any CPU = Release|Any CPU
	EndGlobalSection
	GlobalSection(ProjectConfigurationPlatforms) = postSolution
		{79963135-AA52-495A-96F3-7963E5277642}.Debug|Any CPU.ActiveCfg = Debug|Any CPU
		{79963135-AA52-495A-96F3-7963E5277642}.Debug|Any CPU.Build.0 = Debug|Any CPU
		{79963135-AA52-495A-96F3-7963E5277642}.Release|Any CPU.ActiveCfg = Release|Any CPU
		{79963135-AA52-495A-96F3-7963E5277642}.Release|Any CPU.Build.0 = Release|Any CPU
		{C4D0082B-2D73-444A-922D-32687706A0C7}.Debug|Any CPU.ActiveCfg = Debug|Any CPU
		{C4D0082B-2D73-444A-922D-32687706A0C7}.Debug|Any CPU.Build.0 = Debug|Any CPU
		{C4D0082B-2D73-444A-922D-32687706A0C7}.Release|Any CPU.ActiveCfg = Release|Any CPU
		{C4D0082B-2D73-444A-922D-32687706A0C7}.Release|Any CPU.Build.0 = Release|Any CPU
		{8C7A4349-2A2B-4D65-BCD7-E6403B247D48}.Debug|Any CPU.ActiveCfg = Debug|Any CPU
		{8C7A4349-2A2B-4D65-BCD7-E6403B247D48}.Debug|Any CPU.Build.0 = Debug|Any CPU
		{8C7A4349-2A2B-4D65-BCD7-E6403B247D48}.Release|Any CPU.ActiveCfg = Release|Any CPU
		{8C7A4349-2A2B-4D65-BCD7-E6403B247D48}.Release|Any CPU.Build.0 = Release|Any CPU
		{37B161C9-50A1-4719-858B-78D72B0095B4}.Debug|Any CPU.ActiveCfg = Debug|Any CPU
		{37B161C9-50A1-4719-858B-78D72B0095B4}.Debug|Any CPU.Build.0 = Debug|Any CPU
		{37B161C9-50A1-4719-858B-78D72B0095B4}.Release|Any CPU.ActiveCfg = Release|Any CPU
		{37B161C9-50A1-4719-858B-78D72B0095B4}.Release|Any CPU.Build.0 = Release|Any CPU
	EndGlobalSection
	GlobalSection(SolutionProperties) = preSolution
		HideSolutionNode = FALSE
	EndGlobalSection
	GlobalSection(ExtensibilityGlobals) = postSolution
		SolutionGuid = {540C558E-8166-47B2-8E7F-0675E063FDE7}
	EndGlobalSection
EndGlobal
